
Microsoft Visual Studio Solution File, Format Version 12.00
# Visual Studio 15
Project("{FAE04EC0-301F-11D3-BF4B-00C04F79EFBC}") = "Assembly-CSharp", "Assembly-CSharp.csproj", "{15DCA509-4ADA-D88D-9953-2F4AD262CC92}"
EndProject
Project("{FAE04EC0-301F-11D3-BF4B-00C04F79EFBC}") = "Assembly-CSharp-Editor", "Assembly-CSharp-Editor.csproj", "{ED0D4C9E-CED7-172D-1F03-0A30823A5680}"
EndProject
Global
	GlobalSection(SolutionConfigurationPlatforms) = preSolution
		Debug|Any CPU = Debug|Any CPU
		Release|Any CPU = Release|Any CPU
	EndGlobalSection
	GlobalSection(ProjectConfigurationPlatforms) = postSolution
		{15DCA509-4ADA-D88D-9953-2F4AD262CC92}.Debug|Any CPU.ActiveCfg = Debug|Any CPU
		{15DCA509-4ADA-D88D-9953-2F4AD262CC92}.Debug|Any CPU.Build.0 = Debug|Any CPU
		{15DCA509-4ADA-D88D-9953-2F4AD262CC92}.Release|Any CPU.ActiveCfg = Release|Any CPU
		{15DCA509-4ADA-D88D-9953-2F4AD262CC92}.Release|Any CPU.Build.0 = Release|Any CPU
		{ED0D4C9E-CED7-172D-1F03-0A30823A5680}.Debug|Any CPU.ActiveCfg = Debug|Any CPU
		{ED0D4C9E-CED7-172D-1F03-0A30823A5680}.Debug|Any CPU.Build.0 = Debug|Any CPU
		{ED0D4C9E-CED7-172D-1F03-0A30823A5680}.Release|Any CPU.ActiveCfg = Release|Any CPU
		{ED0D4C9E-CED7-172D-1F03-0A30823A5680}.Release|Any CPU.Build.0 = Release|Any CPU
	EndGlobalSection
	GlobalSection(SolutionProperties) = preSolution
		HideSolutionNode = FALSE
	EndGlobalSection
EndGlobal
